
Microsoft Visual Studio Solution File, Format Version 12.00
# Visual Studio Version 17
VisualStudioVersion = 17.10.35004.147
MinimumVisualStudioVersion = 10.0.40219.1
Project("{FAE04EC0-301F-11D3-BF4B-00C04F79EFBC}") = "PGas_v2.0.0", "PGas_v2.0.0.csproj", "{273AECFA-0CC5-477C-B4AF-F0A717C590A6}"
EndProject
Global
	GlobalSection(SolutionConfigurationPlatforms) = preSolution
		Debug|Any CPU = Debug|Any CPU
		Release|Any CPU = Release|Any CPU
	EndGlobalSection
	GlobalSection(ProjectConfigurationPlatforms) = postSolution
		{273AECFA-0CC5-477C-B4AF-F0A717C590A6}.Debug|Any CPU.ActiveCfg = Debug|Any CPU
		{273AECFA-0CC5-477C-B4AF-F0A717C590A6}.Debug|Any CPU.Build.0 = Debug|Any CPU
		{273AECFA-0CC5-477C-B4AF-F0A717C590A6}.Release|Any CPU.ActiveCfg = Release|Any CPU
		{273AECFA-0CC5-477C-B4AF-F0A717C590A6}.Release|Any CPU.Build.0 = Release|Any CPU
	EndGlobalSection
	GlobalSection(SolutionProperties) = preSolution
		HideSolutionNode = FALSE
	EndGlobalSection
	GlobalSection(ExtensibilityGlobals) = postSolution
		SolutionGuid = {51B930B2-EC8D-4741-9FA3-B87B1EC1EDF7}
	EndGlobalSection
EndGlobal
